
Microsoft Visual Studio Solution File, Format Version 12.00
# Visual Studio Version 16
VisualStudioVersion = 16.0.31624.102
MinimumVisualStudioVersion = 10.0.40219.1
Project("{9A19103F-16F7-4668-BE54-9A1E7A4F7556}") = "TypedEnum", "TypedEnum\TypedEnum.csproj", "{7A2AC1F8-BECA-4575-8429-BADF9DB9C4FD}"
EndProject
Project("{FAE04EC0-301F-11D3-BF4B-00C04F79EFBC}") = "TypedEnumTest", "TypedEnumTest\TypedEnumTest.csproj", "{4905C8BA-C459-4C7B-95EB-FFDACF3C6BB2}"
EndProject
Project("{FAE04EC0-301F-11D3-BF4B-00C04F79EFBC}") = "Benchmark", "Benchmark\Benchmark.csproj", "{832B540E-0DBD-4E09-BBF5-F89455903B85}"
EndProject
Global
	GlobalSection(SolutionConfigurationPlatforms) = preSolution
		Debug|Any CPU = Debug|Any CPU
		Release|Any CPU = Release|Any CPU
	EndGlobalSection
	GlobalSection(ProjectConfigurationPlatforms) = postSolution
		{7A2AC1F8-BECA-4575-8429-BADF9DB9C4FD}.Debug|Any CPU.ActiveCfg = Debug|Any CPU
		{7A2AC1F8-BECA-4575-8429-BADF9DB9C4FD}.Debug|Any CPU.Build.0 = Debug|Any CPU
		{7A2AC1F8-BECA-4575-8429-BADF9DB9C4FD}.Release|Any CPU.ActiveCfg = Release|Any CPU
		{7A2AC1F8-BECA-4575-8429-BADF9DB9C4FD}.Release|Any CPU.Build.0 = Release|Any CPU
		{4905C8BA-C459-4C7B-95EB-FFDACF3C6BB2}.Debug|Any CPU.ActiveCfg = Debug|Any CPU
		{4905C8BA-C459-4C7B-95EB-FFDACF3C6BB2}.Debug|Any CPU.Build.0 = Debug|Any CPU
		{4905C8BA-C459-4C7B-95EB-FFDACF3C6BB2}.Release|Any CPU.ActiveCfg = Release|Any CPU
		{4905C8BA-C459-4C7B-95EB-FFDACF3C6BB2}.Release|Any CPU.Build.0 = Release|Any CPU
		{832B540E-0DBD-4E09-BBF5-F89455903B85}.Debug|Any CPU.ActiveCfg = Debug|Any CPU
		{832B540E-0DBD-4E09-BBF5-F89455903B85}.Debug|Any CPU.Build.0 = Debug|Any CPU
		{832B540E-0DBD-4E09-BBF5-F89455903B85}.Release|Any CPU.ActiveCfg = Release|Any CPU
		{832B540E-0DBD-4E09-BBF5-F89455903B85}.Release|Any CPU.Build.0 = Release|Any CPU
	EndGlobalSection
	GlobalSection(SolutionProperties) = preSolution
		HideSolutionNode = FALSE
	EndGlobalSection
	GlobalSection(ExtensibilityGlobals) = postSolution
		SolutionGuid = {DD187EB0-1FE0-4E16-A5CD-1BDB8D014844}
	EndGlobalSection
EndGlobal
